
Microsoft Visual Studio Solution File, Format Version 12.00
# Visual Studio Version 16
VisualStudioVersion = 16.0.29411.138
MinimumVisualStudioVersion = 10.0.40219.1
Project("{8BC9CEB8-8B4A-11D0-8D11-00A0C91BC942}") = "Prb01", "Prb01\Prb01.vcxproj", "{6F67BC46-0D25-4966-85C7-22B17109EADA}"
EndProject
Project("{8BC9CEB8-8B4A-11D0-8D11-00A0C91BC942}") = "Prb02", "Prb02\Prb02.vcxproj", "{042863A1-344D-44DB-A648-900D180DB2CC}"
EndProject
Project("{8BC9CEB8-8B4A-11D0-8D11-00A0C91BC942}") = "Prb03", "Prb03\Prb03.vcxproj", "{B79D37BE-6771-487E-8AD5-E636E7F2FF73}"
EndProject
Project("{8BC9CEB8-8B4A-11D0-8D11-00A0C91BC942}") = "Prb04", "Prb04\Prb04.vcxproj", "{86651040-1B9E-44B4-B825-1143D40FD634}"
EndProject
Project("{8BC9CEB8-8B4A-11D0-8D11-00A0C91BC942}") = "Prb05", "Prb05\Prb05.vcxproj", "{7ABA3CB2-022D-4BB5-BD18-D0DD67242ED3}"
EndProject
Project("{8BC9CEB8-8B4A-11D0-8D11-00A0C91BC942}") = "Prb06", "Prb06\Prb06.vcxproj", "{6D0AF258-9319-4172-A235-1B34AF7EBABB}"
EndProject
Project("{8BC9CEB8-8B4A-11D0-8D11-00A0C91BC942}") = "Prb07", "Prb07\Prb07.vcxproj", "{B15F19E7-BB7A-40C3-8970-2B7556C17FF9}"
EndProject
Project("{8BC9CEB8-8B4A-11D0-8D11-00A0C91BC942}") = "Prb08", "Prb08\Prb08.vcxproj", "{1ECAA59F-5E6B-40AF-A8CB-96B911C917FE}"
EndProject
Project("{8BC9CEB8-8B4A-11D0-8D11-00A0C91BC942}") = "Prb09", "Prb09\Prb09.vcxproj", "{6C090B2B-53B6-40E1-85A7-1FA069324093}"
EndProject
Global
	GlobalSection(SolutionConfigurationPlatforms) = preSolution
		Debug|x64 = Debug|x64
		Debug|x86 = Debug|x86
		Release|x64 = Release|x64
		Release|x86 = Release|x86
	EndGlobalSection
	GlobalSection(ProjectConfigurationPlatforms) = postSolution
		{6F67BC46-0D25-4966-85C7-22B17109EADA}.Debug|x64.ActiveCfg = Debug|x64
		{6F67BC46-0D25-4966-85C7-22B17109EADA}.Debug|x64.Build.0 = Debug|x64
		{6F67BC46-0D25-4966-85C7-22B17109EADA}.Debug|x86.ActiveCfg = Debug|Win32
		{6F67BC46-0D25-4966-85C7-22B17109EADA}.Debug|x86.Build.0 = Debug|Win32
		{6F67BC46-0D25-4966-85C7-22B17109EADA}.Release|x64.ActiveCfg = Release|x64
		{6F67BC46-0D25-4966-85C7-22B17109EADA}.Release|x64.Build.0 = Release|x64
		{6F67BC46-0D25-4966-85C7-22B17109EADA}.Release|x86.ActiveCfg = Release|Win32
		{6F67BC46-0D25-4966-85C7-22B17109EADA}.Release|x86.Build.0 = Release|Win32
		{042863A1-344D-44DB-A648-900D180DB2CC}.Debug|x64.ActiveCfg = Debug|x64
		{042863A1-344D-44DB-A648-900D180DB2CC}.Debug|x64.Build.0 = Debug|x64
		{042863A1-344D-44DB-A648-900D180DB2CC}.Debug|x86.ActiveCfg = Debug|Win32
		{042863A1-344D-44DB-A648-900D180DB2CC}.Debug|x86.Build.0 = Debug|Win32
		{042863A1-344D-44DB-A648-900D180DB2CC}.Release|x64.ActiveCfg = Release|x64
		{042863A1-344D-44DB-A648-900D180DB2CC}.Release|x64.Build.0 = Release|x64
		{042863A1-344D-44DB-A648-900D180DB2CC}.Release|x86.ActiveCfg = Release|Win32
		{042863A1-344D-44DB-A648-900D180DB2CC}.Release|x86.Build.0 = Release|Win32
		{B79D37BE-6771-487E-8AD5-E636E7F2FF73}.Debug|x64.ActiveCfg = Debug|x64
		{B79D37BE-6771-487E-8AD5-E636E7F2FF73}.Debug|x64.Build.0 = Debug|x64
		{B79D37BE-6771-487E-8AD5-E636E7F2FF73}.Debug|x86.ActiveCfg = Debug|Win32
		{B79D37BE-6771-487E-8AD5-E636E7F2FF73}.Debug|x86.Build.0 = Debug|Win32
		{B79D37BE-6771-487E-8AD5-E636E7F2FF73}.Release|x64.ActiveCfg = Release|x64
		{B79D37BE-6771-487E-8AD5-E636E7F2FF73}.Release|x64.Build.0 = Release|x64
		{B79D37BE-6771-487E-8AD5-E636E7F2FF73}.Release|x86.ActiveCfg = Release|Win32
		{B79D37BE-6771-487E-8AD5-E636E7F2FF73}.Release|x86.Build.0 = Release|Win32
		{86651040-1B9E-44B4-B825-1143D40FD634}.Debug|x64.ActiveCfg = Debug|x64
		{86651040-1B9E-44B4-B825-1143D40FD634}.Debug|x64.Build.0 = Debug|x64
		{86651040-1B9E-44B4-B825-1143D40FD634}.Debug|x86.ActiveCfg = Debug|Win32
		{86651040-1B9E-44B4-B825-1143D40FD634}.Debug|x86.Build.0 = Debug|Win32
		{86651040-1B9E-44B4-B825-1143D40FD634}.Release|x64.ActiveCfg = Release|x64
		{86651040-1B9E-44B4-B825-1143D40FD634}.Release|x64.Build.0 = Release|x64
		{86651040-1B9E-44B4-B825-1143D40FD634}.Release|x86.ActiveCfg = Release|Win32
		{86651040-1B9E-44B4-B825-1143D40FD634}.Release|x86.Build.0 = Release|Win32
		{7ABA3CB2-022D-4BB5-BD18-D0DD67242ED3}.Debug|x64.ActiveCfg = Debug|x64
		{7ABA3CB2-022D-4BB5-BD18-D0DD67242ED3}.Debug|x64.Build.0 = Debug|x64
		{7ABA3CB2-022D-4BB5-BD18-D0DD67242ED3}.Debug|x86.ActiveCfg = Debug|Win32
		{7ABA3CB2-022D-4BB5-BD18-D0DD67242ED3}.Debug|x86.Build.0 = Debug|Win32
		{7ABA3CB2-022D-4BB5-BD18-D0DD67242ED3}.Release|x64.ActiveCfg = Release|x64
		{7ABA3CB2-022D-4BB5-BD18-D0DD67242ED3}.Release|x64.Build.0 = Release|x64
		{7ABA3CB2-022D-4BB5-BD18-D0DD67242ED3}.Release|x86.ActiveCfg = Release|Win32
		{7ABA3CB2-022D-4BB5-BD18-D0DD67242ED3}.Release|x86.Build.0 = Release|Win32
		{6D0AF258-9319-4172-A235-1B34AF7EBABB}.Debug|x64.ActiveCfg = Debug|x64
		{6D0AF258-9319-4172-A235-1B34AF7EBABB}.Debug|x64.Build.0 = Debug|x64
		{6D0AF258-9319-4172-A235-1B34AF7EBABB}.Debug|x86.ActiveCfg = Debug|Win32
		{6D0AF258-9319-4172-A235-1B34AF7EBABB}.Debug|x86.Build.0 = Debug|Win32
		{6D0AF258-9319-4172-A235-1B34AF7EBABB}.Release|x64.ActiveCfg = Release|x64
		{6D0AF258-9319-4172-A235-1B34AF7EBABB}.Release|x64.Build.0 = Release|x64
		{6D0AF258-9319-4172-A235-1B34AF7EBABB}.Release|x86.ActiveCfg = Release|Win32
		{6D0AF258-9319-4172-A235-1B34AF7EBABB}.Release|x86.Build.0 = Release|Win32
		{B15F19E7-BB7A-40C3-8970-2B7556C17FF9}.Debug|x64.ActiveCfg = Debug|x64
		{B15F19E7-BB7A-40C3-8970-2B7556C17FF9}.Debug|x64.Build.0 = Debug|x64
		{B15F19E7-BB7A-40C3-8970-2B7556C17FF9}.Debug|x86.ActiveCfg = Debug|Win32
		{B15F19E7-BB7A-40C3-8970-2B7556C17FF9}.Debug|x86.Build.0 = Debug|Win32
		{B15F19E7-BB7A-40C3-8970-2B7556C17FF9}.Release|x64.ActiveCfg = Release|x64
		{B15F19E7-BB7A-40C3-8970-2B7556C17FF9}.Release|x64.Build.0 = Release|x64
		{B15F19E7-BB7A-40C3-8970-2B7556C17FF9}.Release|x86.ActiveCfg = Release|Win32
		{B15F19E7-BB7A-40C3-8970-2B7556C17FF9}.Release|x86.Build.0 = Release|Win32
		{1ECAA59F-5E6B-40AF-A8CB-96B911C917FE}.Debug|x64.ActiveCfg = Debug|x64
		{1ECAA59F-5E6B-40AF-A8CB-96B911C917FE}.Debug|x64.Build.0 = Debug|x64
		{1ECAA59F-5E6B-40AF-A8CB-96B911C917FE}.Debug|x86.ActiveCfg = Debug|Win32
		{1ECAA59F-5E6B-40AF-A8CB-96B911C917FE}.Debug|x86.Build.0 = Debug|Win32
		{1ECAA59F-5E6B-40AF-A8CB-96B911C917FE}.Release|x64.ActiveCfg = Release|x64
		{1ECAA59F-5E6B-40AF-A8CB-96B911C917FE}.Release|x64.Build.0 = Release|x64
		{1ECAA59F-5E6B-40AF-A8CB-96B911C917FE}.Release|x86.ActiveCfg = Release|Win32
		{1ECAA59F-5E6B-40AF-A8CB-96B911C917FE}.Release|x86.Build.0 = Release|Win32
		{6C090B2B-53B6-40E1-85A7-1FA069324093}.Debug|x64.ActiveCfg = Debug|x64
		{6C090B2B-53B6-40E1-85A7-1FA069324093}.Debug|x64.Build.0 = Debug|x64
		{6C090B2B-53B6-40E1-85A7-1FA069324093}.Debug|x86.ActiveCfg = Debug|Win32
		{6C090B2B-53B6-40E1-85A7-1FA069324093}.Debug|x86.Build.0 = Debug|Win32
		{6C090B2B-53B6-40E1-85A7-1FA069324093}.Release|x64.ActiveCfg = Release|x64
		{6C090B2B-53B6-40E1-85A7-1FA069324093}.Release|x64.Build.0 = Release|x64
		{6C090B2B-53B6-40E1-85A7-1FA069324093}.Release|x86.ActiveCfg = Release|Win32
		{6C090B2B-53B6-40E1-85A7-1FA069324093}.Release|x86.Build.0 = Release|Win32
	EndGlobalSection
	GlobalSection(SolutionProperties) = preSolution
		HideSolutionNode = FALSE
	EndGlobalSection
	GlobalSection(ExtensibilityGlobals) = postSolution
		SolutionGuid = {1DFBFABE-E286-496F-8DDB-E2E3ED172752}
	EndGlobalSection
EndGlobal
